// !$*UTF8*$!
{
	archiveVersion = 1;
	classes = {
	};
	objectVersion = 56;
	objects = {

/* Begin PBXBuildFile section */
		18F7790728DA0273000188A4 /* tableviewApp.swift in Sources */ = {isa = PBXBuildFile; fileRef = 18F7790628DA0273000188A4 /* tableviewApp.swift */; };
		18F7790928DA0273000188A4 /* tableviewDocument.swift in Sources */ = {isa = PBXBuildFile; fileRef = 18F7790828DA0273000188A4 /* tableviewDocument.swift */; };
		18F7790B28DA0273000188A4 /* ContentView.swift in Sources */ = {isa = PBXBuildFile; fileRef = 18F7790A28DA0273000188A4 /* ContentView.swift */; };
		18F7790D28DA0275000188A4 /* Assets.xcassets in Resources */ = {isa = PBXBuildFile; fileRef = 18F7790C28DA0275000188A4 /* Assets.xcassets */; };
		18F7791028DA0275000188A4 /* Preview Assets.xcassets in Resources */ = {isa = PBXBuildFile; fileRef = 18F7790F28DA0275000188A4 /* Preview Assets.xcassets */; };
		18F7791B28DA0275000188A4 /* tableviewTests.swift in Sources */ = {isa = PBXBuildFile; fileRef = 18F7791A28DA0275000188A4 /* tableviewTests.swift */; };
		18F7792528DA0276000188A4 /* tableviewUITests.swift in Sources */ = {isa = PBXBuildFile; fileRef = 18F7792428DA0276000188A4 /* tableviewUITests.swift */; };
		18F7792728DA0276000188A4 /* tableviewUITestsLaunchTests.swift in Sources */ = {isa = PBXBuildFile; fileRef = 18F7792628DA0276000188A4 /* tableviewUITestsLaunchTests.swift */; };
/* End PBXBuildFile section */

/* Begin PBXContainerItemProxy section */
		18F7791728DA0275000188A4 /* PBXContainerItemProxy */ = {
			isa = PBXContainerItemProxy;
			containerPortal = 18F778FB28DA0273000188A4 /* Project object */;
			proxyType = 1;
			remoteGlobalIDString = 18F7790228DA0273000188A4;
			remoteInfo = tableview;
		};
		18F7792128DA0276000188A4 /* PBXContainerItemProxy */ = {
			isa = PBXContainerItemProxy;
			containerPortal = 18F778FB28DA0273000188A4 /* Project object */;
			proxyType = 1;
			remoteGlobalIDString = 18F7790228DA0273000188A4;
			remoteInfo = tableview;
		};
/* End PBXContainerItemProxy section */

/* Begin PBXFileReference section */
		18F7790328DA0273000188A4 /* tableview.app */ = {isa = PBXFileReference; explicitFileType = wrapper.application; includeInIndex = 0; path = tableview.app; sourceTree = BUILT_PRODUCTS_DIR; };
		18F7790628DA0273000188A4 /* tableviewApp.swift */ = {isa = PBXFileReference; lastKnownFileType = sourcecode.swift; path = tableviewApp.swift; sourceTree = "<group>"; };
		18F7790828DA0273000188A4 /* tableviewDocument.swift */ = {isa = PBXFileReference; lastKnownFileType = sourcecode.swift; path = tableviewDocument.swift; sourceTree = "<group>"; };
		18F7790A28DA0273000188A4 /* ContentView.swift */ = {isa = PBXFileReference; lastKnownFileType = sourcecode.swift; path = ContentView.swift; sourceTree = "<group>"; };
		18F7790C28DA0275000188A4 /* Assets.xcassets */ = {isa = PBXFileReference; lastKnownFileType = folder.assetcatalog; path = Assets.xcassets; sourceTree = "<group>"; };
		18F7790F28DA0275000188A4 /* Preview Assets.xcassets */ = {isa = PBXFileReference; lastKnownFileType = folder.assetcatalog; path = "Preview Assets.xcassets"; sourceTree = "<group>"; };
		18F7791128DA0275000188A4 /* Info.plist */ = {isa = PBXFileReference; lastKnownFileType = text.plist.xml; path = Info.plist; sourceTree = "<group>"; };
		18F7791628DA0275000188A4 /* tableviewTests.xctest */ = {isa = PBXFileReference; explicitFileType = wrapper.cfbundle; includeInIndex = 0; path = tableviewTests.xctest; sourceTree = BUILT_PRODUCTS_DIR; };
		18F7791A28DA0275000188A4 /* tableviewTests.swift */ = {isa = PBXFileReference; lastKnownFileType = sourcecode.swift; path = tableviewTests.swift; sourceTree = "<group>"; };
		18F7792028DA0276000188A4 /* tableviewUITests.xctest */ = {isa = PBXFileReference; explicitFileType = wrapper.cfbundle; includeInIndex = 0; path = tableviewUITests.xctest; sourceTree = BUILT_PRODUCTS_DIR; };
		18F7792428DA0276000188A4 /* tableviewUITests.swift */ = {isa = PBXFileReference; lastKnownFileType = sourcecode.swift; path = tableviewUITests.swift; sourceTree = "<group>"; };
		18F7792628DA0276000188A4 /* tableviewUITestsLaunchTests.swift */ = {isa = PBXFileReference; lastKnownFileType = sourcecode.swift; path = tableviewUITestsLaunchTests.swift; sourceTree = "<group>"; };
/* End PBXFileReference section */

/* Begin PBXFrameworksBuildPhase section */
		18F7790028DA0273000188A4 /* Frameworks */ = {
			isa = PBXFrameworksBuildPhase;
			buildActionMask = 2147483647;
			files = (
			);
			runOnlyForDeploymentPostprocessing = 0;
		};
		18F7791328DA0275000188A4 /* Frameworks */ = {
			isa = PBXFrameworksBuildPhase;
			buildActionMask = 2147483647;
			files = (
			);
			runOnlyForDeploymentPostprocessing = 0;
		};
		18F7791D28DA0276000188A4 /* Frameworks */ = {
			isa = PBXFrameworksBuildPhase;
			buildActionMask = 2147483647;
			files = (
			);
			runOnlyForDeploymentPostprocessing = 0;
		};
/* End PBXFrameworksBuildPhase section */

/* Begin PBXGroup section */
		18F778FA28DA0273000188A4 = {
			isa = PBXGroup;
			children = (
				18F7790528DA0273000188A4 /* tableview */,
				18F7791928DA0275000188A4 /* tableviewTests */,
				18F7792328DA0276000188A4 /* tableviewUITests */,
				18F7790428DA0273000188A4 /* Products */,
			);
			sourceTree = "<group>";
		};
		18F7790428DA0273000188A4 /* Products */ = {
			isa = PBXGroup;
			children = (
				18F7790328DA0273000188A4 /* tableview.app */,
				18F7791628DA0275000188A4 /* tableviewTests.xctest */,
				18F7792028DA0276000188A4 /* tableviewUITests.xctest */,
			);
			name = Products;
			sourceTree = "<group>";
		};
		18F7790528DA0273000188A4 /* tableview */ = {
			isa = PBXGroup;
			children = (
				18F7790628DA0273000188A4 /* tableviewApp.swift */,
				18F7790828DA0273000188A4 /* tableviewDocument.swift */,
				18F7790A28DA0273000188A4 /* ContentView.swift */,
				18F7790C28DA0275000188A4 /* Assets.xcassets */,
				18F7791128DA0275000188A4 /* Info.plist */,
				18F7790E28DA0275000188A4 /* Preview Content */,
			);
			path = tableview;
			sourceTree = "<group>";
		};
		18F7790E28DA0275000188A4 /* Preview Content */ = {
			isa = PBXGroup;
			children = (
				18F7790F28DA0275000188A4 /* Preview Assets.xcassets */,
			);
			path = "Preview Content";
			sourceTree = "<group>";
		};
		18F7791928DA0275000188A4 /* tableviewTests */ = {
			isa = PBXGroup;
			children = (
				18F7791A28DA0275000188A4 /* tableviewTests.swift */,
			);
			path = tableviewTests;
			sourceTree = "<group>";
		};
		18F7792328DA0276000188A4 /* tableviewUITests */ = {
			isa = PBXGroup;
			children = (
				18F7792428DA0276000188A4 /* tableviewUITests.swift */,
				18F7792628DA0276000188A4 /* tableviewUITestsLaunchTests.swift */,
			);
			path = tableviewUITests;
			sourceTree = "<group>";
		};
/* End PBXGroup section */

/* Begin PBXNativeTarget section */
		18F7790228DA0273000188A4 /* tableview */ = {
			isa = PBXNativeTarget;
			buildConfigurationList = 18F7792A28DA0276000188A4 /* Build configuration list for PBXNativeTarget "tableview" */;
			buildPhases = (
				18F778FF28DA0273000188A4 /* Sources */,
				18F7790028DA0273000188A4 /* Frameworks */,
				18F7790128DA0273000188A4 /* Resources */,
			);
			buildRules = (
			);
			dependencies = (
			);
			name = tableview;
			productName = tableview;
			productReference = 18F7790328DA0273000188A4 /* tableview.app */;
			productType = "com.apple.product-type.application";
		};
		18F7791528DA0275000188A4 /* tableviewTests */ = {
			isa = PBXNativeTarget;
			buildConfigurationList = 18F7792D28DA0276000188A4 /* Build configuration list for PBXNativeTarget "tableviewTests" */;
			buildPhases = (
				18F7791228DA0275000188A4 /* Sources */,
				18F7791328DA0275000188A4 /* Frameworks */,
				18F7791428DA0275000188A4 /* Resources */,
			);
			buildRules = (
			);
			dependencies = (
				18F7791828DA0275000188A4 /* PBXTargetDependency */,
			);
			name = tableviewTests;
			productName = tableviewTests;
			productReference = 18F7791628DA0275000188A4 /* tableviewTests.xctest */;
			productType = "com.apple.product-type.bundle.unit-test";
		};
		18F7791F28DA0276000188A4 /* tableviewUITests */ = {
			isa = PBXNativeTarget;
			buildConfigurationList = 18F7793028DA0276000188A4 /* Build configuration list for PBXNativeTarget "tableviewUITests" */;
			buildPhases = (
				18F7791C28DA0276000188A4 /* Sources */,
				18F7791D28DA0276000188A4 /* Frameworks */,
				18F7791E28DA0276000188A4 /* Resources */,
			);
			buildRules = (
			);
			dependencies = (
				18F7792228DA0276000188A4 /* PBXTargetDependency */,
			);
			name = tableviewUITests;
			productName = tableviewUITests;
			productReference = 18F7792028DA0276000188A4 /* tableviewUITests.xctest */;
			productType = "com.apple.product-type.bundle.ui-testing";
		};
/* End PBXNativeTarget section */

/* Begin PBXProject section */
		18F778FB28DA0273000188A4 /* Project object */ = {
			isa = PBXProject;
			attributes = {
				BuildIndependentTargetsInParallel = 1;
				LastSwiftUpdateCheck = 1400;
				LastUpgradeCheck = 1400;
				TargetAttributes = {
					18F7790228DA0273000188A4 = {
						CreatedOnToolsVersion = 14.0;
					};
					18F7791528DA0275000188A4 = {
						CreatedOnToolsVersion = 14.0;
						TestTargetID = 18F7790228DA0273000188A4;
					};
					18F7791F28DA0276000188A4 = {
						CreatedOnToolsVersion = 14.0;
						TestTargetID = 18F7790228DA0273000188A4;
					};
				};
			};
			buildConfigurationList = 18F778FE28DA0273000188A4 /* Build configuration list for PBXProject "tableview" */;
			compatibilityVersion = "Xcode 14.0";
			developmentRegion = en;
			hasScannedForEncodings = 0;
			knownRegions = (
				en,
				Base,
			);
			mainGroup = 18F778FA28DA0273000188A4;
			productRefGroup = 18F7790428DA0273000188A4 /* Products */;
			projectDirPath = "";
			projectRoot = "";
			targets = (
				18F7790228DA0273000188A4 /* tableview */,
				18F7791528DA0275000188A4 /* tableviewTests */,
				18F7791F28DA0276000188A4 /* tableviewUITests */,
			);
		};
/* End PBXProject section */

/* Begin PBXResourcesBuildPhase section */
		18F7790128DA0273000188A4 /* Resources */ = {
			isa = PBXResourcesBuildPhase;
			buildActionMask = 2147483647;
			files = (
				18F7791028DA0275000188A4 /* Preview Assets.xcassets in Resources */,
				18F7790D28DA0275000188A4 /* Assets.xcassets in Resources */,
			);
			runOnlyForDeploymentPostprocessing = 0;
		};
		18F7791428DA0275000188A4 /* Resources */ = {
			isa = PBXResourcesBuildPhase;
			buildActionMask = 2147483647;
			files = (
			);
			runOnlyForDeploymentPostprocessing = 0;
		};
		18F7791E28DA0276000188A4 /* Resources */ = {
			isa = PBXResourcesBuildPhase;
			buildActionMask = 2147483647;
			files = (
			);
			runOnlyForDeploymentPostprocessing = 0;
		};
/* End PBXResourcesBuildPhase section */

/* Begin PBXSourcesBuildPhase section */
		18F778FF28DA0273000188A4 /* Sources */ = {
			isa = PBXSourcesBuildPhase;
			buildActionMask = 2147483647;
			files = (
				18F7790928DA0273000188A4 /* tableviewDocument.swift in Sources */,
				18F7790728DA0273000188A4 /* tableviewApp.swift in Sources */,
				18F7790B28DA0273000188A4 /* ContentView.swift in Sources */,
			);
			runOnlyForDeploymentPostprocessing = 0;
		};
		18F7791228DA0275000188A4 /* Sources */ = {
			isa = PBXSourcesBuildPhase;
			buildActionMask = 2147483647;
			files = (
				18F7791B28DA0275000188A4 /* tableviewTests.swift in Sources */,
			);
			runOnlyForDeploymentPostprocessing = 0;
		};
		18F7791C28DA0276000188A4 /* Sources */ = {
			isa = PBXSourcesBuildPhase;
			buildActionMask = 2147483647;
			files = (
				18F7792728DA0276000188A4 /* tableviewUITestsLaunchTests.swift in Sources */,
				18F7792528DA0276000188A4 /* tableviewUITests.swift in Sources */,
			);
			runOnlyForDeploymentPostprocessing = 0;
		};
/* End PBXSourcesBuildPhase section */

/* Begin PBXTargetDependency section */
		18F7791828DA0275000188A4 /* PBXTargetDependency */ = {
			isa = PBXTargetDependency;
			target = 18F7790228DA0273000188A4 /* tableview */;
			targetProxy = 18F7791728DA0275000188A4 /* PBXContainerItemProxy */;
		};
		18F7792228DA0276000188A4 /* PBXTargetDependency */ = {
			isa = PBXTargetDependency;
			target = 18F7790228DA0273000188A4 /* tableview */;
			targetProxy = 18F7792128DA0276000188A4 /* PBXContainerItemProxy */;
		};
/* End PBXTargetDependency section */

/* Begin XCBuildConfiguration section */
		18F7792828DA0276000188A4 /* Debug */ = {
			isa = XCBuildConfiguration;
			buildSettings = {
				ALWAYS_SEARCH_USER_PATHS = NO;
				CLANG_ANALYZER_NONNULL = YES;
				CLANG_ANALYZER_NUMBER_OBJECT_CONVERSION = YES_AGGRESSIVE;
				CLANG_CXX_LANGUAGE_STANDARD = "gnu++20";
				CLANG_ENABLE_MODULES = YES;
				CLANG_ENABLE_OBJC_ARC = YES;
				CLANG_ENABLE_OBJC_WEAK = YES;
				CLANG_WARN_BLOCK_CAPTURE_AUTORELEASING = YES;
				CLANG_WARN_BOOL_CONVERSION = YES;
				CLANG_WARN_COMMA = YES;
				CLANG_WARN_CONSTANT_CONVERSION = YES;
				CLANG_WARN_DEPRECATED_OBJC_IMPLEMENTATIONS = YES;
				CLANG_WARN_DIRECT_OBJC_ISA_USAGE = YES_ERROR;
				CLANG_WARN_DOCUMENTATION_COMMENTS = YES;
				CLANG_WARN_EMPTY_BODY = YES;
				CLANG_WARN_ENUM_CONVERSION = YES;
				CLANG_WARN_INFINITE_RECURSION = YES;
				CLANG_WARN_INT_CONVERSION = YES;
				CLANG_WARN_NON_LITERAL_NULL_CONVERSION = YES;
				CLANG_WARN_OBJC_IMPLICIT_RETAIN_SELF = YES;
				CLANG_WARN_OBJC_LITERAL_CONVERSION = YES;
				CLANG_WARN_OBJC_ROOT_CLASS = YES_ERROR;
				CLANG_WARN_QUOTED_INCLUDE_IN_FRAMEWORK_HEADER = YES;
				CLANG_WARN_RANGE_LOOP_ANALYSIS = YES;
				CLANG_WARN_STRICT_PROTOTYPES = YES;
				CLANG_WARN_SUSPICIOUS_MOVE = YES;
				CLANG_WARN_UNGUARDED_AVAILABILITY = YES_AGGRESSIVE;
				CLANG_WARN_UNREACHABLE_CODE = YES;
				CLANG_WARN__DUPLICATE_METHOD_MATCH = YES;
				COPY_PHASE_STRIP = NO;
				DEBUG_INFORMATION_FORMAT = dwarf;
				ENABLE_STRICT_OBJC_MSGSEND = YES;
				ENABLE_TESTABILITY = YES;
				GCC_C_LANGUAGE_STANDARD = gnu11;
				GCC_DYNAMIC_NO_PIC = NO;
				GCC_NO_COMMON_BLOCKS = YES;
				GCC_OPTIMIZATION_LEVEL = 0;
				GCC_PREPROCESSOR_DEFINITIONS = (
					"DEBUG=1",
					"$(inherited)",
				);
				GCC_WARN_64_TO_32_BIT_CONVERSION = YES;
				GCC_WARN_ABOUT_RETURN_TYPE = YES_ERROR;
				GCC_WARN_UNDECLARED_SELECTOR = YES;
				GCC_WARN_UNINITIALIZED_AUTOS = YES_AGGRESSIVE;
				GCC_WARN_UNUSED_FUNCTION = YES;
				GCC_WARN_UNUSED_VARIABLE = YES;
				IPHONEOS_DEPLOYMENT_TARGET = 16.0;
				MTL_ENABLE_DEBUG_INFO = INCLUDE_SOURCE;
				MTL_FAST_MATH = YES;
				ONLY_ACTIVE_ARCH = YES;
				SDKROOT = iphoneos;
				SWIFT_ACTIVE_COMPILATION_CONDITIONS = DEBUG;
				SWIFT_OPTIMIZATION_LEVEL = "-Onone";
			};
			name = Debug;
		};
		18F7792928DA0276000188A4 /* Release */ = {
			isa = XCBuildConfiguration;
			buildSettings = {
				ALWAYS_SEARCH_USER_PATHS = NO;
				CLANG_ANALYZER_NONNULL = YES;
				CLANG_ANALYZER_NUMBER_OBJECT_CONVERSION = YES_AGGRESSIVE;
				CLANG_CXX_LANGUAGE_STANDARD = "gnu++20";
				CLANG_ENABLE_MODULES = YES;
				CLANG_ENABLE_OBJC_ARC = YES;
				CLANG_ENABLE_OBJC_WEAK = YES;
				CLANG_WARN_BLOCK_CAPTURE_AUTORELEASING = YES;
				CLANG_WARN_BOOL_CONVERSION = YES;
				CLANG_WARN_COMMA = YES;
				CLANG_WARN_CONSTANT_CONVERSION = YES;
				CLANG_WARN_DEPRECATED_OBJC_IMPLEMENTATIONS = YES;
				CLANG_WARN_DIRECT_OBJC_ISA_USAGE = YES_ERROR;
				CLANG_WARN_DOCUMENTATION_COMMENTS = YES;
				CLANG_WARN_EMPTY_BODY = YES;
				CLANG_WARN_ENUM_CONVERSION = YES;
				CLANG_WARN_INFINITE_RECURSION = YES;
				CLANG_WARN_INT_CONVERSION = YES;
				CLANG_WARN_NON_LITERAL_NULL_CONVERSION = YES;
				CLANG_WARN_OBJC_IMPLICIT_RETAIN_SELF = YES;
				CLANG_WARN_OBJC_LITERAL_CONVERSION = YES;
				CLANG_WARN_OBJC_ROOT_CLASS = YES_ERROR;
				CLANG_WARN_QUOTED_INCLUDE_IN_FRAMEWORK_HEADER = YES;
				CLANG_WARN_RANGE_LOOP_ANALYSIS = YES;
				CLANG_WARN_STRICT_PROTOTYPES = YES;
				CLANG_WARN_SUSPICIOUS_MOVE = YES;
				CLANG_WARN_UNGUARDED_AVAILABILITY = YES_AGGRESSIVE;
				CLANG_WARN_UNREACHABLE_CODE = YES;
				CLANG_WARN__DUPLICATE_METHOD_MATCH = YES;
				COPY_PHASE_STRIP = NO;
				DEBUG_INFORMATION_FORMAT = "dwarf-with-dsym";
				ENABLE_NS_ASSERTIONS = NO;
				ENABLE_STRICT_OBJC_MSGSEND = YES;
				GCC_C_LANGUAGE_STANDARD = gnu11;
				GCC_NO_COMMON_BLOCKS = YES;
				GCC_WARN_64_TO_32_BIT_CONVERSION = YES;
				GCC_WARN_ABOUT_RETURN_TYPE = YES_ERROR;
				GCC_WARN_UNDECLARED_SELECTOR = YES;
				GCC_WARN_UNINITIALIZED_AUTOS = YES_AGGRESSIVE;
				GCC_WARN_UNUSED_FUNCTION = YES;
				GCC_WARN_UNUSED_VARIABLE = YES;
				IPHONEOS_DEPLOYMENT_TARGET = 16.0;
				MTL_ENABLE_DEBUG_INFO = NO;
				MTL_FAST_MATH = YES;
				SDKROOT = iphoneos;
				SWIFT_COMPILATION_MODE = wholemodule;
				SWIFT_OPTIMIZATION_LEVEL = "-O";
				VALIDATE_PRODUCT = YES;
			};
			name = Release;
		};
		18F7792B28DA0276000188A4 /* Debug */ = {
			isa = XCBuildConfiguration;
			buildSettings = {
				ASSETCATALOG_COMPILER_APPICON_NAME = AppIcon;
				ASSETCATALOG_COMPILER_GLOBAL_ACCENT_COLOR_NAME = AccentColor;
				CODE_SIGN_STYLE = Automatic;
				CURRENT_PROJECT_VERSION = 1;
				DEVELOPMENT_ASSET_PATHS = "\"tableview/Preview Content\"";
				ENABLE_PREVIEWS = YES;
				GENERATE_INFOPLIST_FILE = YES;
				INFOPLIST_FILE = tableview/Info.plist;
				INFOPLIST_KEY_UIApplicationSceneManifest_Generation = YES;
				INFOPLIST_KEY_UIApplicationSupportsIndirectInputEvents = YES;
				INFOPLIST_KEY_UILaunchScreen_Generation = YES;
				INFOPLIST_KEY_UISupportedInterfaceOrientations_iPad = "UIInterfaceOrientationPortrait UIInterfaceOrientationPortraitUpsideDown UIInterfaceOrientationLandscapeLeft UIInterfaceOrientationLandscapeRight";
				INFOPLIST_KEY_UISupportedInterfaceOrientations_iPhone = "UIInterfaceOrientationPortrait UIInterfaceOrientationLandscapeLeft UIInterfaceOrientationLandscapeRight";
				INFOPLIST_KEY_UISupportsDocumentBrowser = YES;
				LD_RUNPATH_SEARCH_PATHS = (
					"$(inherited)",
					"@executable_path/Frameworks",
				);
				MARKETING_VERSION = 1.0;
				PRODUCT_BUNDLE_IDENTIFIER = "Cesar-Escobedo.tableview";
				PRODUCT_NAME = "$(TARGET_NAME)";
				SWIFT_EMIT_LOC_STRINGS = YES;
				SWIFT_VERSION = 5.0;
				TARGETED_DEVICE_FAMILY = "1,2";
			};
			name = Debug;
		};
		18F7792C28DA0276000188A4 /* Release */ = {
			isa = XCBuildConfiguration;
			buildSettings = {
				ASSETCATALOG_COMPILER_APPICON_NAME = AppIcon;
				ASSETCATALOG_COMPILER_GLOBAL_ACCENT_COLOR_NAME = AccentColor;
				CODE_SIGN_STYLE = Automatic;
				CURRENT_PROJECT_VERSION = 1;
				DEVELOPMENT_ASSET_PATHS = "\"tableview/Preview Content\"";
				ENABLE_PREVIEWS = YES;
				GENERATE_INFOPLIST_FILE = YES;
				INFOPLIST_FILE = tableview/Info.plist;
				INFOPLIST_KEY_UIApplicationSceneManifest_Generation = YES;
				INFOPLIST_KEY_UIApplicationSupportsIndirectInputEvents = YES;
				INFOPLIST_KEY_UILaunchScreen_Generation = YES;
				INFOPLIST_KEY_UISupportedInterfaceOrientations_iPad = "UIInterfaceOrientationPortrait UIInterfaceOrientationPortraitUpsideDown UIInterfaceOrientationLandscapeLeft UIInterfaceOrientationLandscapeRight";
				INFOPLIST_KEY_UISupportedInterfaceOrientations_iPhone = "UIInterfaceOrientationPortrait UIInterfaceOrientationLandscapeLeft UIInterfaceOrientationLandscapeRight";
				INFOPLIST_KEY_UISupportsDocumentBrowser = YES;
				LD_RUNPATH_SEARCH_PATHS = (
					"$(inherited)",
					"@executable_path/Frameworks",
				);
				MARKETING_VERSION = 1.0;
				PRODUCT_BUNDLE_IDENTIFIER = "Cesar-Escobedo.tableview";
				PRODUCT_NAME = "$(TARGET_NAME)";
				SWIFT_EMIT_LOC_STRINGS = YES;
				SWIFT_VERSION = 5.0;
				TARGETED_DEVICE_FAMILY = "1,2";
			};
			name = Release;
		};
		18F7792E28DA0276000188A4 /* Debug */ = {
			isa = XCBuildConfiguration;
			buildSettings = {
				ALWAYS_EMBED_SWIFT_STANDARD_LIBRARIES = YES;
				BUNDLE_LOADER = "$(TEST_HOST)";
				CODE_SIGN_STYLE = Automatic;
				CURRENT_PROJECT_VERSION = 1;
				GENERATE_INFOPLIST_FILE = YES;
				IPHONEOS_DEPLOYMENT_TARGET = 16.0;
				MARKETING_VERSION = 1.0;
				PRODUCT_BUNDLE_IDENTIFIER = "Cesar-Escobedo.tableviewTests";
				PRODUCT_NAME = "$(TARGET_NAME)";
				SWIFT_EMIT_LOC_STRINGS = NO;
				SWIFT_VERSION = 5.0;
				TARGETED_DEVICE_FAMILY = "1,2";
				TEST_HOST = "$(BUILT_PRODUCTS_DIR)/tableview.app/$(BUNDLE_EXECUTABLE_FOLDER_PATH)/tableview";
			};
			name = Debug;
		};
		18F7792F28DA0276000188A4 /* Release */ = {
			isa = XCBuildConfiguration;
			buildSettings = {
				ALWAYS_EMBED_SWIFT_STANDARD_LIBRARIES = YES;
				BUNDLE_LOADER = "$(TEST_HOST)";
				CODE_SIGN_STYLE = Automatic;
				CURRENT_PROJECT_VERSION = 1;
				GENERATE_INFOPLIST_FILE = YES;
				IPHONEOS_DEPLOYMENT_TARGET = 16.0;
				MARKETING_VERSION = 1.0;
				PRODUCT_BUNDLE_IDENTIFIER = "Cesar-Escobedo.tableviewTests";
				PRODUCT_NAME = "$(TARGET_NAME)";
				SWIFT_EMIT_LOC_STRINGS = NO;
				SWIFT_VERSION = 5.0;
				TARGETED_DEVICE_FAMILY = "1,2";
				TEST_HOST = "$(BUILT_PRODUCTS_DIR)/tableview.app/$(BUNDLE_EXECUTABLE_FOLDER_PATH)/tableview";
			};
			name = Release;
		};
		18F7793128DA0276000188A4 /* Debug */ = {
			isa = XCBuildConfiguration;
			buildSettings = {
				ALWAYS_EMBED_SWIFT_STANDARD_LIBRARIES = YES;
				CODE_SIGN_STYLE = Automatic;
				CURRENT_PROJECT_VERSION = 1;
				GENERATE_INFOPLIST_FILE = YES;
				MARKETING_VERSION = 1.0;
				PRODUCT_BUNDLE_IDENTIFIER = "Cesar-Escobedo.tableviewUITests";
				PRODUCT_NAME = "$(TARGET_NAME)";
				SWIFT_EMIT_LOC_STRINGS = NO;
				SWIFT_VERSION = 5.0;
				TARGETED_DEVICE_FAMILY = "1,2";
				TEST_TARGET_NAME = tableview;
			};
			name = Debug;
		};
		18F7793228DA0276000188A4 /* Release */ = {
			isa = XCBuildConfiguration;
			buildSettings = {
				ALWAYS_EMBED_SWIFT_STANDARD_LIBRARIES = YES;
				CODE_SIGN_STYLE = Automatic;
				CURRENT_PROJECT_VERSION = 1;
				GENERATE_INFOPLIST_FILE = YES;
				MARKETING_VERSION = 1.0;
				PRODUCT_BUNDLE_IDENTIFIER = "Cesar-Escobedo.tableviewUITests";
				PRODUCT_NAME = "$(TARGET_NAME)";
				SWIFT_EMIT_LOC_STRINGS = NO;
				SWIFT_VERSION = 5.0;
				TARGETED_DEVICE_FAMILY = "1,2";
				TEST_TARGET_NAME = tableview;
			};
			name = Release;
		};
/* End XCBuildConfiguration section */

/* Begin XCConfigurationList section */
		18F778FE28DA0273000188A4 /* Build configuration list for PBXProject "tableview" */ = {
			isa = XCConfigurationList;
			buildConfigurations = (
				18F7792828DA0276000188A4 /* Debug */,
				18F7792928DA0276000188A4 /* Release */,
			);
			defaultConfigurationIsVisible = 0;
			defaultConfigurationName = Release;
		};
		18F7792A28DA0276000188A4 /* Build configuration list for PBXNativeTarget "tableview" */ = {
			isa = XCConfigurationList;
			buildConfigurations = (
				18F7792B28DA0276000188A4 /* Debug */,
				18F7792C28DA0276000188A4 /* Release */,
			);
			defaultConfigurationIsVisible = 0;
			defaultConfigurationName = Release;
		};
		18F7792D28DA0276000188A4 /* Build configuration list for PBXNativeTarget "tableviewTests" */ = {
			isa = XCConfigurationList;
			buildConfigurations = (
				18F7792E28DA0276000188A4 /* Debug */,
				18F7792F28DA0276000188A4 /* Release */,
			);
			defaultConfigurationIsVisible = 0;
			defaultConfigurationName = Release;
		};
		18F7793028DA0276000188A4 /* Build configuration list for PBXNativeTarget "tableviewUITests" */ = {
			isa = XCConfigurationList;
			buildConfigurations = (
				18F7793128DA0276000188A4 /* Debug */,
				18F7793228DA0276000188A4 /* Release */,
			);
			defaultConfigurationIsVisible = 0;
			defaultConfigurationName = Release;
		};
/* End XCConfigurationList section */
	};
	rootObject = 18F778FB28DA0273000188A4 /* Project object */;
}
